
Microsoft Visual Studio Solution File, Format Version 12.00
# Visual Studio 15
VisualStudioVersion = 15.0.27520.0
MinimumVisualStudioVersion = 10.0.40219.1
Project("{9A19103F-16F7-4668-BE54-9A1E7A4F7556}") = "StackExchange.NetGain", "src\StackExchange.NetGain\StackExchange.NetGain.csproj", "{23524A2E-1C3A-431E-B95D-6C77DBA7F619}"
EndProject
Project("{9A19103F-16F7-4668-BE54-9A1E7A4F7556}") = "StackExchange.NetGain.Console", "samples\StackExchange.NetGain.Console\StackExchange.NetGain.Console.csproj", "{92751532-36B0-4B41-9ACA-3BA25C3D9CBB}"
EndProject
Project("{9A19103F-16F7-4668-BE54-9A1E7A4F7556}") = "StackExchange.NetGain.Tests", "tests\StackExchange.NetGain.Tests\StackExchange.NetGain.Tests.csproj", "{B62F8419-52C4-48FE-A88D-C57196F0EBE1}"
EndProject
Project("{2150E333-8FDC-42A3-9474-1A3956D46DE8}") = "Solution Items", "Solution Items", "{B8FA47A2-6E23-4EDF-808A-721B67EEA290}"
	ProjectSection(SolutionItems) = preProject
		build.cmd = build.cmd
		build.ps1 = build.ps1
		version.json = version.json
	EndProjectSection
EndProject
Global
	GlobalSection(SolutionConfigurationPlatforms) = preSolution
		Debug|Any CPU = Debug|Any CPU
		Debug|Mixed Platforms = Debug|Mixed Platforms
		Debug|x86 = Debug|x86
		Release|Any CPU = Release|Any CPU
		Release|Mixed Platforms = Release|Mixed Platforms
		Release|x86 = Release|x86
	EndGlobalSection
	GlobalSection(ProjectConfigurationPlatforms) = postSolution
		{23524A2E-1C3A-431E-B95D-6C77DBA7F619}.Debug|Any CPU.ActiveCfg = Debug|Any CPU
		{23524A2E-1C3A-431E-B95D-6C77DBA7F619}.Debug|Any CPU.Build.0 = Debug|Any CPU
		{23524A2E-1C3A-431E-B95D-6C77DBA7F619}.Debug|Mixed Platforms.ActiveCfg = Debug|Any CPU
		{23524A2E-1C3A-431E-B95D-6C77DBA7F619}.Debug|Mixed Platforms.Build.0 = Debug|Any CPU
		{23524A2E-1C3A-431E-B95D-6C77DBA7F619}.Debug|x86.ActiveCfg = Debug|Any CPU
		{23524A2E-1C3A-431E-B95D-6C77DBA7F619}.Release|Any CPU.ActiveCfg = Release|Any CPU
		{23524A2E-1C3A-431E-B95D-6C77DBA7F619}.Release|Any CPU.Build.0 = Release|Any CPU
		{23524A2E-1C3A-431E-B95D-6C77DBA7F619}.Release|Mixed Platforms.ActiveCfg = Release|Any CPU
		{23524A2E-1C3A-431E-B95D-6C77DBA7F619}.Release|Mixed Platforms.Build.0 = Release|Any CPU
		{23524A2E-1C3A-431E-B95D-6C77DBA7F619}.Release|x86.ActiveCfg = Release|Any CPU
		{92751532-36B0-4B41-9ACA-3BA25C3D9CBB}.Debug|Any CPU.ActiveCfg = Debug|Any CPU
		{92751532-36B0-4B41-9ACA-3BA25C3D9CBB}.Debug|Any CPU.Build.0 = Debug|Any CPU
		{92751532-36B0-4B41-9ACA-3BA25C3D9CBB}.Debug|Mixed Platforms.ActiveCfg = Debug|Any CPU
		{92751532-36B0-4B41-9ACA-3BA25C3D9CBB}.Debug|Mixed Platforms.Build.0 = Debug|Any CPU
		{92751532-36B0-4B41-9ACA-3BA25C3D9CBB}.Debug|x86.ActiveCfg = Debug|Any CPU
		{92751532-36B0-4B41-9ACA-3BA25C3D9CBB}.Debug|x86.Build.0 = Debug|Any CPU
		{92751532-36B0-4B41-9ACA-3BA25C3D9CBB}.Release|Any CPU.ActiveCfg = Release|Any CPU
		{92751532-36B0-4B41-9ACA-3BA25C3D9CBB}.Release|Any CPU.Build.0 = Release|Any CPU
		{92751532-36B0-4B41-9ACA-3BA25C3D9CBB}.Release|Mixed Platforms.ActiveCfg = Release|Any CPU
		{92751532-36B0-4B41-9ACA-3BA25C3D9CBB}.Release|Mixed Platforms.Build.0 = Release|Any CPU
		{92751532-36B0-4B41-9ACA-3BA25C3D9CBB}.Release|x86.ActiveCfg = Release|Any CPU
		{92751532-36B0-4B41-9ACA-3BA25C3D9CBB}.Release|x86.Build.0 = Release|Any CPU
		{B62F8419-52C4-48FE-A88D-C57196F0EBE1}.Debug|Any CPU.ActiveCfg = Debug|Any CPU
		{B62F8419-52C4-48FE-A88D-C57196F0EBE1}.Debug|Any CPU.Build.0 = Debug|Any CPU
		{B62F8419-52C4-48FE-A88D-C57196F0EBE1}.Debug|Mixed Platforms.ActiveCfg = Debug|Any CPU
		{B62F8419-52C4-48FE-A88D-C57196F0EBE1}.Debug|Mixed Platforms.Build.0 = Debug|Any CPU
		{B62F8419-52C4-48FE-A88D-C57196F0EBE1}.Debug|x86.ActiveCfg = Debug|Any CPU
		{B62F8419-52C4-48FE-A88D-C57196F0EBE1}.Release|Any CPU.ActiveCfg = Release|Any CPU
		{B62F8419-52C4-48FE-A88D-C57196F0EBE1}.Release|Any CPU.Build.0 = Release|Any CPU
		{B62F8419-52C4-48FE-A88D-C57196F0EBE1}.Release|Mixed Platforms.ActiveCfg = Release|Any CPU
		{B62F8419-52C4-48FE-A88D-C57196F0EBE1}.Release|Mixed Platforms.Build.0 = Release|Any CPU
		{B62F8419-52C4-48FE-A88D-C57196F0EBE1}.Release|x86.ActiveCfg = Release|Any CPU
	EndGlobalSection
	GlobalSection(SolutionProperties) = preSolution
		HideSolutionNode = FALSE
	EndGlobalSection
	GlobalSection(ExtensibilityGlobals) = postSolution
		SolutionGuid = {E23155AD-19D2-4544-8AD7-4A9CB9AAF792}
	EndGlobalSection
EndGlobal
